
Microsoft Visual Studio Solution File, Format Version 12.00

Project("{2150E333-8FDC-42A3-9474-1A3956D46DE8}") = "IdentityService", "IdentityService", "{F94E0A26-23DC-4E46-AEDC-1B6149380587}"
	ProjectSection(SolutionItems) = preProject
		IdentityService\Logic\obj\Debug\net9.0\.NETCoreApp,Version = v9.0.AssemblyAttributes.cs = IdentityService\Logic\obj\Debug\net9.0\.NETCoreApp,Version=v9.0.AssemblyAttributes.cs
		IdentityService\Api\obj\Debug\net9.0\.NETCoreApp,Version = v9.0.AssemblyAttributes.cs = IdentityService\Api\obj\Debug\net9.0\.NETCoreApp,Version=v9.0.AssemblyAttributes.cs
		IdentityService\Dal\obj\Debug\net9.0\.NETCoreApp,Version = v9.0.AssemblyAttributes.cs = IdentityService\Dal\obj\Debug\net9.0\.NETCoreApp,Version=v9.0.AssemblyAttributes.cs
	EndProjectSection
EndProject
Project("{FAE04EC0-301F-11D3-BF4B-00C04F79EFBC}") = "Api", "IdentityService\Api\Api.csproj", "{D724939F-A81F-4A3C-879F-1B062466F51B}"
EndProject
Project("{FAE04EC0-301F-11D3-BF4B-00C04F79EFBC}") = "Dal", "IdentityService\Dal\Dal.csproj", "{2EA11F6E-7C6D-4100-A2E2-322DEED7D10E}"
EndProject
Project("{FAE04EC0-301F-11D3-BF4B-00C04F79EFBC}") = "Logic", "IdentityService\Logic\Logic.csproj", "{7525CB23-D59E-47D1-9058-3FA6321CC0DA}"
EndProject
Project("{2150E333-8FDC-42A3-9474-1A3956D46DE8}") = "Solution Items", "Solution Items", "{C04265A8-3955-40D8-973F-91BDC4206E5B}"
	ProjectSection(SolutionItems) = preProject
		compose.yaml = compose.yaml
	EndProjectSection
EndProject
Project("{2150E333-8FDC-42A3-9474-1A3956D46DE8}") = "ChatService", "ChatService", "{182E1BD2-C7DD-45DC-A32F-CCF4C6F42CAA}"
EndProject
Project("{FAE04EC0-301F-11D3-BF4B-00C04F79EFBC}") = "Api", "ChatService\Api\Api.csproj", "{3EF1864F-1867-430E-BDED-92B199C89CBF}"
EndProject
Project("{FAE04EC0-301F-11D3-BF4B-00C04F79EFBC}") = "Infastracted", "ChatService\Infastracted\Infastracted.csproj", "{92CC341E-84EE-42F0-AA53-28FC8CC9CA65}"
EndProject
Project("{FAE04EC0-301F-11D3-BF4B-00C04F79EFBC}") = "Services", "ChatService\Services\Services.csproj", "{0A8E41F4-B161-49D7-883C-200FD4EED2C4}"
EndProject
Project("{FAE04EC0-301F-11D3-BF4B-00C04F79EFBC}") = "Domain", "ChatService\Domain\Domain.csproj", "{86F5E716-9A70-41D4-B5DF-F84220501C7C}"
EndProject
Project("{2150E333-8FDC-42A3-9474-1A3956D46DE8}") = "Libs", "Libs", "{EDBD573C-C7BD-4F6A-BCB5-746F9FF1862B}"
EndProject
Project("{FAE04EC0-301F-11D3-BF4B-00C04F79EFBC}") = "Domain", "CoreLib\Domain\Domain.csproj", "{8F9D63C8-5A1F-4AF1-B72C-D6FB492F2946}"
EndProject
Project("{2150E333-8FDC-42A3-9474-1A3956D46DE8}") = "CoreLib", "CoreLib", "{9E23B080-678B-4020-901D-006BE335BBBF}"
EndProject
Project("{FAE04EC0-301F-11D3-BF4B-00C04F79EFBC}") = "Core", "CoreLib\Core\Core.csproj", "{531569FE-3058-47AF-BB14-CD414B2BBE47}"
EndProject
Project("{FAE04EC0-301F-11D3-BF4B-00C04F79EFBC}") = "Core.Api", "CoreLib\Core.Api\Core.Api.csproj", "{4ACCBE92-8807-4F6A-BC34-D734EA6D23F0}"
EndProject
Project("{FAE04EC0-301F-11D3-BF4B-00C04F79EFBC}") = "Core.Configuration", "CoreLib\Core.Configuration\Core.Configuration.csproj", "{001211DA-A21A-4A3B-B1F2-B6A349857CF6}"
EndProject
Project("{FAE04EC0-301F-11D3-BF4B-00C04F79EFBC}") = "IdentityConnectionLib", "CoreLib\IdentityConnectionLib\IdentityConnectionLib.csproj", "{E4B0F995-10CF-49DC-8BE2-59CCBD55947F}"
EndProject
Global
	GlobalSection(SolutionConfigurationPlatforms) = preSolution
		Debug|Any CPU = Debug|Any CPU
		Release|Any CPU = Release|Any CPU
	EndGlobalSection
	GlobalSection(ProjectConfigurationPlatforms) = postSolution
		{297D3D6B-D3C9-4238-BB48-BF617706FD8E}.Debug|Any CPU.ActiveCfg = Debug|Any CPU
		{297D3D6B-D3C9-4238-BB48-BF617706FD8E}.Debug|Any CPU.Build.0 = Debug|Any CPU
		{297D3D6B-D3C9-4238-BB48-BF617706FD8E}.Release|Any CPU.ActiveCfg = Release|Any CPU
		{297D3D6B-D3C9-4238-BB48-BF617706FD8E}.Release|Any CPU.Build.0 = Release|Any CPU
		{D724939F-A81F-4A3C-879F-1B062466F51B}.Debug|Any CPU.ActiveCfg = Debug|Any CPU
		{D724939F-A81F-4A3C-879F-1B062466F51B}.Debug|Any CPU.Build.0 = Debug|Any CPU
		{D724939F-A81F-4A3C-879F-1B062466F51B}.Release|Any CPU.ActiveCfg = Release|Any CPU
		{D724939F-A81F-4A3C-879F-1B062466F51B}.Release|Any CPU.Build.0 = Release|Any CPU
		{2EA11F6E-7C6D-4100-A2E2-322DEED7D10E}.Debug|Any CPU.ActiveCfg = Debug|Any CPU
		{2EA11F6E-7C6D-4100-A2E2-322DEED7D10E}.Debug|Any CPU.Build.0 = Debug|Any CPU
		{2EA11F6E-7C6D-4100-A2E2-322DEED7D10E}.Release|Any CPU.ActiveCfg = Release|Any CPU
		{2EA11F6E-7C6D-4100-A2E2-322DEED7D10E}.Release|Any CPU.Build.0 = Release|Any CPU
		{7525CB23-D59E-47D1-9058-3FA6321CC0DA}.Debug|Any CPU.ActiveCfg = Debug|Any CPU
		{7525CB23-D59E-47D1-9058-3FA6321CC0DA}.Debug|Any CPU.Build.0 = Debug|Any CPU
		{7525CB23-D59E-47D1-9058-3FA6321CC0DA}.Release|Any CPU.ActiveCfg = Release|Any CPU
		{7525CB23-D59E-47D1-9058-3FA6321CC0DA}.Release|Any CPU.Build.0 = Release|Any CPU
		{3EF1864F-1867-430E-BDED-92B199C89CBF}.Debug|Any CPU.ActiveCfg = Debug|Any CPU
		{3EF1864F-1867-430E-BDED-92B199C89CBF}.Debug|Any CPU.Build.0 = Debug|Any CPU
		{3EF1864F-1867-430E-BDED-92B199C89CBF}.Release|Any CPU.ActiveCfg = Release|Any CPU
		{3EF1864F-1867-430E-BDED-92B199C89CBF}.Release|Any CPU.Build.0 = Release|Any CPU
		{92CC341E-84EE-42F0-AA53-28FC8CC9CA65}.Debug|Any CPU.ActiveCfg = Debug|Any CPU
		{92CC341E-84EE-42F0-AA53-28FC8CC9CA65}.Debug|Any CPU.Build.0 = Debug|Any CPU
		{92CC341E-84EE-42F0-AA53-28FC8CC9CA65}.Release|Any CPU.ActiveCfg = Release|Any CPU
		{92CC341E-84EE-42F0-AA53-28FC8CC9CA65}.Release|Any CPU.Build.0 = Release|Any CPU
		{0A8E41F4-B161-49D7-883C-200FD4EED2C4}.Debug|Any CPU.ActiveCfg = Debug|Any CPU
		{0A8E41F4-B161-49D7-883C-200FD4EED2C4}.Debug|Any CPU.Build.0 = Debug|Any CPU
		{0A8E41F4-B161-49D7-883C-200FD4EED2C4}.Release|Any CPU.ActiveCfg = Release|Any CPU
		{0A8E41F4-B161-49D7-883C-200FD4EED2C4}.Release|Any CPU.Build.0 = Release|Any CPU
		{86F5E716-9A70-41D4-B5DF-F84220501C7C}.Debug|Any CPU.ActiveCfg = Debug|Any CPU
		{86F5E716-9A70-41D4-B5DF-F84220501C7C}.Debug|Any CPU.Build.0 = Debug|Any CPU
		{86F5E716-9A70-41D4-B5DF-F84220501C7C}.Release|Any CPU.ActiveCfg = Release|Any CPU
		{86F5E716-9A70-41D4-B5DF-F84220501C7C}.Release|Any CPU.Build.0 = Release|Any CPU
		{8F9D63C8-5A1F-4AF1-B72C-D6FB492F2946}.Debug|Any CPU.ActiveCfg = Debug|Any CPU
		{8F9D63C8-5A1F-4AF1-B72C-D6FB492F2946}.Debug|Any CPU.Build.0 = Debug|Any CPU
		{8F9D63C8-5A1F-4AF1-B72C-D6FB492F2946}.Release|Any CPU.ActiveCfg = Release|Any CPU
		{8F9D63C8-5A1F-4AF1-B72C-D6FB492F2946}.Release|Any CPU.Build.0 = Release|Any CPU
		{531569FE-3058-47AF-BB14-CD414B2BBE47}.Debug|Any CPU.ActiveCfg = Debug|Any CPU
		{531569FE-3058-47AF-BB14-CD414B2BBE47}.Debug|Any CPU.Build.0 = Debug|Any CPU
		{531569FE-3058-47AF-BB14-CD414B2BBE47}.Release|Any CPU.ActiveCfg = Release|Any CPU
		{531569FE-3058-47AF-BB14-CD414B2BBE47}.Release|Any CPU.Build.0 = Release|Any CPU
		{4ACCBE92-8807-4F6A-BC34-D734EA6D23F0}.Debug|Any CPU.ActiveCfg = Debug|Any CPU
		{4ACCBE92-8807-4F6A-BC34-D734EA6D23F0}.Debug|Any CPU.Build.0 = Debug|Any CPU
		{4ACCBE92-8807-4F6A-BC34-D734EA6D23F0}.Release|Any CPU.ActiveCfg = Release|Any CPU
		{4ACCBE92-8807-4F6A-BC34-D734EA6D23F0}.Release|Any CPU.Build.0 = Release|Any CPU
		{001211DA-A21A-4A3B-B1F2-B6A349857CF6}.Debug|Any CPU.ActiveCfg = Debug|Any CPU
		{001211DA-A21A-4A3B-B1F2-B6A349857CF6}.Debug|Any CPU.Build.0 = Debug|Any CPU
		{001211DA-A21A-4A3B-B1F2-B6A349857CF6}.Release|Any CPU.ActiveCfg = Release|Any CPU
		{001211DA-A21A-4A3B-B1F2-B6A349857CF6}.Release|Any CPU.Build.0 = Release|Any CPU
		{E4B0F995-10CF-49DC-8BE2-59CCBD55947F}.Debug|Any CPU.ActiveCfg = Debug|Any CPU
		{E4B0F995-10CF-49DC-8BE2-59CCBD55947F}.Debug|Any CPU.Build.0 = Debug|Any CPU
		{E4B0F995-10CF-49DC-8BE2-59CCBD55947F}.Release|Any CPU.ActiveCfg = Release|Any CPU
		{E4B0F995-10CF-49DC-8BE2-59CCBD55947F}.Release|Any CPU.Build.0 = Release|Any CPU
	EndGlobalSection
	GlobalSection(NestedProjects) = preSolution
		{D724939F-A81F-4A3C-879F-1B062466F51B} = {F94E0A26-23DC-4E46-AEDC-1B6149380587}
		{2EA11F6E-7C6D-4100-A2E2-322DEED7D10E} = {F94E0A26-23DC-4E46-AEDC-1B6149380587}
		{7525CB23-D59E-47D1-9058-3FA6321CC0DA} = {F94E0A26-23DC-4E46-AEDC-1B6149380587}
		{3EF1864F-1867-430E-BDED-92B199C89CBF} = {182E1BD2-C7DD-45DC-A32F-CCF4C6F42CAA}
		{92CC341E-84EE-42F0-AA53-28FC8CC9CA65} = {182E1BD2-C7DD-45DC-A32F-CCF4C6F42CAA}
		{0A8E41F4-B161-49D7-883C-200FD4EED2C4} = {182E1BD2-C7DD-45DC-A32F-CCF4C6F42CAA}
		{86F5E716-9A70-41D4-B5DF-F84220501C7C} = {182E1BD2-C7DD-45DC-A32F-CCF4C6F42CAA}
		{EDBD573C-C7BD-4F6A-BCB5-746F9FF1862B} = {182E1BD2-C7DD-45DC-A32F-CCF4C6F42CAA}
		{8F9D63C8-5A1F-4AF1-B72C-D6FB492F2946} = {EDBD573C-C7BD-4F6A-BCB5-746F9FF1862B}
		{531569FE-3058-47AF-BB14-CD414B2BBE47} = {9E23B080-678B-4020-901D-006BE335BBBF}
		{4ACCBE92-8807-4F6A-BC34-D734EA6D23F0} = {9E23B080-678B-4020-901D-006BE335BBBF}
		{001211DA-A21A-4A3B-B1F2-B6A349857CF6} = {9E23B080-678B-4020-901D-006BE335BBBF}
		{E4B0F995-10CF-49DC-8BE2-59CCBD55947F} = {9E23B080-678B-4020-901D-006BE335BBBF}
	EndGlobalSection
EndGlobal
