
Microsoft Visual Studio Solution File, Format Version 12.00
Project("{FAE04EC0-301F-11D3-BF4B-00C04F79EFBC}") = "Api", "Api\Api.csproj", "{6B26F839-DA92-4893-9DFF-E0A44E79DB95}"
EndProject
Project("{2150E333-8FDC-42A3-9474-1A3956D46DE8}") = "Solution Items", "Solution Items", "{7EAE7584-BFC1-44A0-A5E5-0615D0A2A7B2}"
	ProjectSection(SolutionItems) = preProject
		compose.yaml = compose.yaml
	EndProjectSection
EndProject
Project("{FAE04EC0-301F-11D3-BF4B-00C04F79EFBC}") = "Logic", "Logic\Logic.csproj", "{A630EAA9-8654-481C-A92E-7434DD4BCAE2}"
EndProject
Project("{FAE04EC0-301F-11D3-BF4B-00C04F79EFBC}") = "Dal", "Dal\Dal.csproj", "{A8EFB0A9-2713-421E-8E21-04DA1793A584}"
EndProject
Project("{2150E333-8FDC-42A3-9474-1A3956D46DE8}") = "Libs", "Libs", "{1D46535E-5E20-45AD-B615-8E2030A10C90}"
	ProjectSection(SolutionItems) = preProject
		..\CoreLib\IdentityConnectionLib\IdentityConnectionLib.csproj = ..\CoreLib\IdentityConnectionLib\IdentityConnectionLib.csproj
	EndProjectSection
EndProject
Project("{FAE04EC0-301F-11D3-BF4B-00C04F79EFBC}") = "Core", "..\CoreLib\Core\Core.csproj", "{5AD0CEBD-DBCF-473D-9359-635CF3FFA5A4}"
EndProject
Project("{FAE04EC0-301F-11D3-BF4B-00C04F79EFBC}") = "Core.Api", "..\CoreLib\Core.Api\Core.Api.csproj", "{F3457CD9-E4AD-4E6D-A9B4-67FA1B9346F1}"
EndProject
Project("{FAE04EC0-301F-11D3-BF4B-00C04F79EFBC}") = "IdentityConnectionLib", "..\CoreLib\IdentityConnectionLib\IdentityConnectionLib.csproj", "{FC1B83AC-B862-4897-AE71-10F8EEAE2885}"
EndProject
Project("{FAE04EC0-301F-11D3-BF4B-00C04F79EFBC}") = "ChatConnectionLib", "ChatConnectionLib\ChatConnectionLib.csproj", "{AA91C61E-C6E9-490F-A57F-20D2064820BC}"
EndProject
Global
	GlobalSection(SolutionConfigurationPlatforms) = preSolution
		Debug|Any CPU = Debug|Any CPU
		Release|Any CPU = Release|Any CPU
	EndGlobalSection
	GlobalSection(ProjectConfigurationPlatforms) = postSolution
		{6B26F839-DA92-4893-9DFF-E0A44E79DB95}.Debug|Any CPU.ActiveCfg = Debug|Any CPU
		{6B26F839-DA92-4893-9DFF-E0A44E79DB95}.Debug|Any CPU.Build.0 = Debug|Any CPU
		{6B26F839-DA92-4893-9DFF-E0A44E79DB95}.Release|Any CPU.ActiveCfg = Release|Any CPU
		{6B26F839-DA92-4893-9DFF-E0A44E79DB95}.Release|Any CPU.Build.0 = Release|Any CPU
		{A630EAA9-8654-481C-A92E-7434DD4BCAE2}.Debug|Any CPU.ActiveCfg = Debug|Any CPU
		{A630EAA9-8654-481C-A92E-7434DD4BCAE2}.Debug|Any CPU.Build.0 = Debug|Any CPU
		{A630EAA9-8654-481C-A92E-7434DD4BCAE2}.Release|Any CPU.ActiveCfg = Release|Any CPU
		{A630EAA9-8654-481C-A92E-7434DD4BCAE2}.Release|Any CPU.Build.0 = Release|Any CPU
		{A8EFB0A9-2713-421E-8E21-04DA1793A584}.Debug|Any CPU.ActiveCfg = Debug|Any CPU
		{A8EFB0A9-2713-421E-8E21-04DA1793A584}.Debug|Any CPU.Build.0 = Debug|Any CPU
		{A8EFB0A9-2713-421E-8E21-04DA1793A584}.Release|Any CPU.ActiveCfg = Release|Any CPU
		{A8EFB0A9-2713-421E-8E21-04DA1793A584}.Release|Any CPU.Build.0 = Release|Any CPU
		{5AD0CEBD-DBCF-473D-9359-635CF3FFA5A4}.Debug|Any CPU.ActiveCfg = Debug|Any CPU
		{5AD0CEBD-DBCF-473D-9359-635CF3FFA5A4}.Debug|Any CPU.Build.0 = Debug|Any CPU
		{5AD0CEBD-DBCF-473D-9359-635CF3FFA5A4}.Release|Any CPU.ActiveCfg = Release|Any CPU
		{5AD0CEBD-DBCF-473D-9359-635CF3FFA5A4}.Release|Any CPU.Build.0 = Release|Any CPU
		{F3457CD9-E4AD-4E6D-A9B4-67FA1B9346F1}.Debug|Any CPU.ActiveCfg = Debug|Any CPU
		{F3457CD9-E4AD-4E6D-A9B4-67FA1B9346F1}.Debug|Any CPU.Build.0 = Debug|Any CPU
		{F3457CD9-E4AD-4E6D-A9B4-67FA1B9346F1}.Release|Any CPU.ActiveCfg = Release|Any CPU
		{F3457CD9-E4AD-4E6D-A9B4-67FA1B9346F1}.Release|Any CPU.Build.0 = Release|Any CPU
		{FC1B83AC-B862-4897-AE71-10F8EEAE2885}.Debug|Any CPU.ActiveCfg = Debug|Any CPU
		{FC1B83AC-B862-4897-AE71-10F8EEAE2885}.Debug|Any CPU.Build.0 = Debug|Any CPU
		{FC1B83AC-B862-4897-AE71-10F8EEAE2885}.Release|Any CPU.ActiveCfg = Release|Any CPU
		{FC1B83AC-B862-4897-AE71-10F8EEAE2885}.Release|Any CPU.Build.0 = Release|Any CPU
		{AA91C61E-C6E9-490F-A57F-20D2064820BC}.Debug|Any CPU.ActiveCfg = Debug|Any CPU
		{AA91C61E-C6E9-490F-A57F-20D2064820BC}.Debug|Any CPU.Build.0 = Debug|Any CPU
		{AA91C61E-C6E9-490F-A57F-20D2064820BC}.Release|Any CPU.ActiveCfg = Release|Any CPU
		{AA91C61E-C6E9-490F-A57F-20D2064820BC}.Release|Any CPU.Build.0 = Release|Any CPU
	EndGlobalSection
	GlobalSection(NestedProjects) = preSolution
		{5AD0CEBD-DBCF-473D-9359-635CF3FFA5A4} = {1D46535E-5E20-45AD-B615-8E2030A10C90}
		{F3457CD9-E4AD-4E6D-A9B4-67FA1B9346F1} = {1D46535E-5E20-45AD-B615-8E2030A10C90}
		{FC1B83AC-B862-4897-AE71-10F8EEAE2885} = {1D46535E-5E20-45AD-B615-8E2030A10C90}
		{AA91C61E-C6E9-490F-A57F-20D2064820BC} = {1D46535E-5E20-45AD-B615-8E2030A10C90}
	EndGlobalSection
EndGlobal
