
Microsoft Visual Studio Solution File, Format Version 12.00
# Visual Studio Version 17
VisualStudioVersion = 17.0.31903.59
MinimumVisualStudioVersion = 10.0.40219.1
Project("{FAE04EC0-301F-11D3-BF4B-00C04F79EFBC}") = "Api", "Api\Api.csproj", "{2C4D6D57-C001-44C4-8DDB-682C5F664729}"
EndProject
Project("{FAE04EC0-301F-11D3-BF4B-00C04F79EFBC}") = "Infastracted", "Infastracted\Infastracted.csproj", "{D29DFBF4-4F90-4936-8B15-B18CC98E93F7}"
EndProject
Project("{FAE04EC0-301F-11D3-BF4B-00C04F79EFBC}") = "Services", "Services\Services.csproj", "{345CC677-E3B1-4662-978E-40C148DE5CA7}"
EndProject
Project("{2150E333-8FDC-42A3-9474-1A3956D46DE8}") = "Libs", "Libs", "{11C1A614-B18F-40C8-AD1E-8C9C7E92326D}"
EndProject
Project("{FAE04EC0-301F-11D3-BF4B-00C04F79EFBC}") = "Core", "..\CoreLib\Core\Core.csproj", "{F1AAFD8B-C77F-4791-A5CC-989C5C612DE0}"
EndProject
Project("{FAE04EC0-301F-11D3-BF4B-00C04F79EFBC}") = "Domain", "Domain\Domain.csproj", "{DE239C86-2947-4FD7-A26E-43FB78DB812D}"
EndProject
Project("{FAE04EC0-301F-11D3-BF4B-00C04F79EFBC}") = "Core.Api", "..\CoreLib\Core.Api\Core.Api.csproj", "{FB0262ED-090C-4292-91AA-E9F907EDCEBD}"
EndProject
Project("{FAE04EC0-301F-11D3-BF4B-00C04F79EFBC}") = "Core.Configuration", "..\CoreLib\Core.Configuration\Core.Configuration.csproj", "{9E3643E1-717F-4934-AAB9-B559BE9D8342}"
EndProject
Project("{FAE04EC0-301F-11D3-BF4B-00C04F79EFBC}") = "IdentityConnectionLib", "..\CoreLib\IdentityConnectionLib\IdentityConnectionLib.csproj", "{890A97C9-8B4F-4649-8CD6-3C045222B78F}"
EndProject
Global
	GlobalSection(SolutionConfigurationPlatforms) = preSolution
		Debug|Any CPU = Debug|Any CPU
		Release|Any CPU = Release|Any CPU
	EndGlobalSection
	GlobalSection(SolutionProperties) = preSolution
		HideSolutionNode = FALSE
	EndGlobalSection
	GlobalSection(ProjectConfigurationPlatforms) = postSolution
		{2C4D6D57-C001-44C4-8DDB-682C5F664729}.Debug|Any CPU.ActiveCfg = Debug|Any CPU
		{2C4D6D57-C001-44C4-8DDB-682C5F664729}.Debug|Any CPU.Build.0 = Debug|Any CPU
		{2C4D6D57-C001-44C4-8DDB-682C5F664729}.Release|Any CPU.ActiveCfg = Release|Any CPU
		{2C4D6D57-C001-44C4-8DDB-682C5F664729}.Release|Any CPU.Build.0 = Release|Any CPU
		{D29DFBF4-4F90-4936-8B15-B18CC98E93F7}.Debug|Any CPU.ActiveCfg = Debug|Any CPU
		{D29DFBF4-4F90-4936-8B15-B18CC98E93F7}.Debug|Any CPU.Build.0 = Debug|Any CPU
		{D29DFBF4-4F90-4936-8B15-B18CC98E93F7}.Release|Any CPU.ActiveCfg = Release|Any CPU
		{D29DFBF4-4F90-4936-8B15-B18CC98E93F7}.Release|Any CPU.Build.0 = Release|Any CPU
		{345CC677-E3B1-4662-978E-40C148DE5CA7}.Debug|Any CPU.ActiveCfg = Debug|Any CPU
		{345CC677-E3B1-4662-978E-40C148DE5CA7}.Debug|Any CPU.Build.0 = Debug|Any CPU
		{345CC677-E3B1-4662-978E-40C148DE5CA7}.Release|Any CPU.ActiveCfg = Release|Any CPU
		{345CC677-E3B1-4662-978E-40C148DE5CA7}.Release|Any CPU.Build.0 = Release|Any CPU
		{F1AAFD8B-C77F-4791-A5CC-989C5C612DE0}.Debug|Any CPU.ActiveCfg = Debug|Any CPU
		{F1AAFD8B-C77F-4791-A5CC-989C5C612DE0}.Debug|Any CPU.Build.0 = Debug|Any CPU
		{F1AAFD8B-C77F-4791-A5CC-989C5C612DE0}.Release|Any CPU.ActiveCfg = Release|Any CPU
		{F1AAFD8B-C77F-4791-A5CC-989C5C612DE0}.Release|Any CPU.Build.0 = Release|Any CPU
		{DE239C86-2947-4FD7-A26E-43FB78DB812D}.Debug|Any CPU.ActiveCfg = Debug|Any CPU
		{DE239C86-2947-4FD7-A26E-43FB78DB812D}.Debug|Any CPU.Build.0 = Debug|Any CPU
		{DE239C86-2947-4FD7-A26E-43FB78DB812D}.Release|Any CPU.ActiveCfg = Release|Any CPU
		{DE239C86-2947-4FD7-A26E-43FB78DB812D}.Release|Any CPU.Build.0 = Release|Any CPU
		{FB0262ED-090C-4292-91AA-E9F907EDCEBD}.Debug|Any CPU.ActiveCfg = Debug|Any CPU
		{FB0262ED-090C-4292-91AA-E9F907EDCEBD}.Debug|Any CPU.Build.0 = Debug|Any CPU
		{FB0262ED-090C-4292-91AA-E9F907EDCEBD}.Release|Any CPU.ActiveCfg = Release|Any CPU
		{FB0262ED-090C-4292-91AA-E9F907EDCEBD}.Release|Any CPU.Build.0 = Release|Any CPU
		{9E3643E1-717F-4934-AAB9-B559BE9D8342}.Debug|Any CPU.ActiveCfg = Debug|Any CPU
		{9E3643E1-717F-4934-AAB9-B559BE9D8342}.Debug|Any CPU.Build.0 = Debug|Any CPU
		{9E3643E1-717F-4934-AAB9-B559BE9D8342}.Release|Any CPU.ActiveCfg = Release|Any CPU
		{9E3643E1-717F-4934-AAB9-B559BE9D8342}.Release|Any CPU.Build.0 = Release|Any CPU
		{890A97C9-8B4F-4649-8CD6-3C045222B78F}.Debug|Any CPU.ActiveCfg = Debug|Any CPU
		{890A97C9-8B4F-4649-8CD6-3C045222B78F}.Debug|Any CPU.Build.0 = Debug|Any CPU
		{890A97C9-8B4F-4649-8CD6-3C045222B78F}.Release|Any CPU.ActiveCfg = Release|Any CPU
		{890A97C9-8B4F-4649-8CD6-3C045222B78F}.Release|Any CPU.Build.0 = Release|Any CPU
	EndGlobalSection
	GlobalSection(NestedProjects) = preSolution
		{F1AAFD8B-C77F-4791-A5CC-989C5C612DE0} = {11C1A614-B18F-40C8-AD1E-8C9C7E92326D}
		{FB0262ED-090C-4292-91AA-E9F907EDCEBD} = {11C1A614-B18F-40C8-AD1E-8C9C7E92326D}
		{9E3643E1-717F-4934-AAB9-B559BE9D8342} = {11C1A614-B18F-40C8-AD1E-8C9C7E92326D}
		{890A97C9-8B4F-4649-8CD6-3C045222B78F} = {11C1A614-B18F-40C8-AD1E-8C9C7E92326D}
	EndGlobalSection
EndGlobal
